
# cargo-vet imports lock

[[publisher.bumpalo]]
version = "3.20.3"
when = "2026-05-22"
user-id = 696
user-login = "fitzgen"
user-name = "Nick Fitzgerald"

[[publisher.wasip2]]
version = "1.0.4+wasi-0.2.12"
when = "2026-06-12"
user-id = 1
user-login = "alexcrichton"
user-name = "Alex Crichton"

[[publisher.wit-bindgen]]
version = "0.57.1"
when = "2026-04-17"
trusted-publisher = "github:bytecodealliance/wit-bindgen"

[[audits.bytecode-alliance.wildcard-audits.bumpalo]]
who = "Nick Fitzgerald <fitzgen@gmail.com>"
criteria = "safe-to-deploy"
user-id = 696 # Nick Fitzgerald (fitzgen)
start = "2019-03-16"
end = "2026-08-21"

[[audits.bytecode-alliance.wildcard-audits.wasip2]]
who = "Alex Crichton <alex@alexcrichton.com>"
criteria = "safe-to-deploy"
user-id = 1 # Alex Crichton (alexcrichton)
start = "2025-08-10"
end = "2026-08-21"
notes = """
This is a Bytecode Alliance authored crate.
"""

[[audits.bytecode-alliance.wildcard-audits.wit-bindgen]]
who = "Alex Crichton <alex@alexcrichton.com>"
criteria = "safe-to-deploy"
trusted-publisher = "github:bytecodealliance/wit-bindgen"
start = "2025-08-13"
end = "2027-01-08"
notes = "The Bytecode Alliance is the author of this crate"

[[audits.bytecode-alliance.audits.iana-time-zone-haiku]]
who = "Dan Gohman <dev@sunfishcode.online>"
criteria = "safe-to-deploy"
version = "0.1.2"

[[audits.bytecode-alliance.audits.num-traits]]
who = "Andrew Brown <andrew.brown@intel.com>"
criteria = "safe-to-deploy"
version = "0.2.19"
notes = "As advertised: a numeric library. The only `unsafe` is from some float-to-int conversions, which seems expected."

[audits.embark.audits]

[[audits.google.audits.android_system_properties]]
who = "Manish Goregaokar <manishearth@google.com>"
criteria = "safe-to-deploy"
version = "0.1.5"
notes = "Android system API FFI"
aggregated-from = "https://chromium.googlesource.com/chromium/src/+/main/third_party/rust/chromium_crates_io/supply-chain/audits.toml?format=TEXT"

[[audits.google.audits.core-foundation-sys]]
who = "Manish Goregaokar <manishearth@google.com>"
criteria = "safe-to-deploy"
version = "0.8.7"
notes = "OSX system APIs"
aggregated-from = "https://chromium.googlesource.com/chromium/src/+/main/third_party/rust/chromium_crates_io/supply-chain/audits.toml?format=TEXT"

[[audits.google.audits.difflib]]
who = "Max Lee <endlesspring@google.com>"
criteria = "safe-to-run"
version = "0.4.0"
aggregated-from = "https://chromium.googlesource.com/chromiumos/third_party/rust_crates/+/refs/heads/main/cargo-vet/audits.toml?format=TEXT"

[[audits.google.audits.normalize-line-endings]]
who = "Max Lee <endlesspring@google.com>"
criteria = "safe-to-run"
version = "0.3.0"
aggregated-from = "https://chromium.googlesource.com/chromiumos/third_party/rust_crates/+/refs/heads/main/cargo-vet/audits.toml?format=TEXT"

[[audits.google.audits.ppv-lite86]]
who = "danakj@chromium.org"
criteria = "safe-to-run"
version = "0.2.17"
notes = """
Reviewed in https://crrev.com/c/5171063

Previously reviewed during security review and the audit is grandparented in.
"""
aggregated-from = "https://chromium.googlesource.com/chromium/src/+/main/third_party/rust/chromium_crates_io/supply-chain/audits.toml?format=TEXT"

[[audits.google.audits.ppv-lite86]]
who = "danakj <danakj@chromium.org>"
criteria = "safe-to-run"
delta = "0.2.17 -> 0.2.20"
notes = "Using zerocopy to reduce unsafe usage."
aggregated-from = "https://chromium.googlesource.com/chromium/src/+/main/third_party/rust/chromium_crates_io/supply-chain/audits.toml?format=TEXT"

[[audits.google.audits.ppv-lite86]]
who = "Lukasz Anforowicz <lukasza@chromium.org>"
criteria = "safe-to-run"
delta = "0.2.20 -> 0.2.21"
notes = """
The delta mostly corresponds to @joshlf's
https://github.com/cryptocorrosion/cryptocorrosion/pull/85 which started
using an undocumented API that `zerocopy` has provided specifically for
`ppv-lite86` in https://github.com/google/zerocopy/pull/2418.
"""
aggregated-from = "https://chromium.googlesource.com/chromium/src/+/main/third_party/rust/chromium_crates_io/supply-chain/audits.toml?format=TEXT"

[[audits.google.audits.predicates]]
who = "Max Lee <endlesspring@google.com>"
criteria = "safe-to-run"
version = "2.1.5"
aggregated-from = "https://chromium.googlesource.com/chromiumos/third_party/rust_crates/+/refs/heads/main/cargo-vet/audits.toml?format=TEXT"

[[audits.google.audits.predicates]]
who = "Yu-An Wang <wyuang@google.com>"
criteria = "safe-to-run"
delta = "2.1.5 -> 3.0.4"
aggregated-from = "https://chromium.googlesource.com/chromiumos/third_party/rust_crates/+/refs/heads/main/cargo-vet/audits.toml?format=TEXT"

[[audits.google.audits.predicates-core]]
who = "Max Lee <endlesspring@google.com>"
criteria = "safe-to-run"
version = "1.0.6"
aggregated-from = "https://chromium.googlesource.com/chromiumos/third_party/rust_crates/+/refs/heads/main/cargo-vet/audits.toml?format=TEXT"

[[audits.google.audits.predicates-tree]]
who = "Max Lee <endlesspring@google.com>"
criteria = "safe-to-run"
version = "1.0.9"
aggregated-from = "https://chromium.googlesource.com/chromiumos/third_party/rust_crates/+/refs/heads/main/cargo-vet/audits.toml?format=TEXT"

[[audits.google.audits.tempfile]]
who = "Ying Hsu <yinghsu@chromium.org>"
criteria = "safe-to-run"
version = "3.10.1"
aggregated-from = "https://chromium.googlesource.com/chromiumos/third_party/rust_crates/+/refs/heads/main/cargo-vet/audits.toml?format=TEXT"

[[audits.google.audits.termtree]]
who = "Max Lee <endlesspring@google.com>"
criteria = "safe-to-run"
version = "0.4.1"
aggregated-from = "https://chromium.googlesource.com/chromiumos/third_party/rust_crates/+/refs/heads/main/cargo-vet/audits.toml?format=TEXT"

[[audits.google.audits.wait-timeout]]
who = "George Burgess IV <gbiv@google.com>"
criteria = "safe-to-run"
version = "0.2.0"
aggregated-from = "https://chromium.googlesource.com/chromiumos/third_party/rust_crates/+/refs/heads/main/cargo-vet/audits.toml?format=TEXT"

[[audits.mozilla.audits.predicates]]
who = "Jan-Erik Rediger <jrediger@mozilla.com>"
criteria = "safe-to-run"
delta = "3.0.4 -> 3.1.4"
aggregated-from = "https://raw.githubusercontent.com/mozilla/glean/main/supply-chain/audits.toml"

[[audits.mozilla.audits.predicates-core]]
who = "Jan-Erik Rediger <jrediger@mozilla.com>"
criteria = "safe-to-run"
delta = "1.0.6 -> 1.0.10"
aggregated-from = "https://raw.githubusercontent.com/mozilla/glean/main/supply-chain/audits.toml"

[[audits.mozilla.audits.predicates-tree]]
who = "Jan-Erik Rediger <jrediger@mozilla.com>"
criteria = "safe-to-run"
delta = "1.0.9 -> 1.0.13"
aggregated-from = "https://raw.githubusercontent.com/mozilla/glean/main/supply-chain/audits.toml"

[[audits.mozilla.audits.tempfile]]
who = "Chris Martin <cmartin@mozilla.com>"
criteria = "safe-to-deploy"
delta = "3.10.1 -> 3.16.0"
notes = "Big change, but nothing unsafe and lots of it is documentation and convenience APIs"
aggregated-from = "https://hg.mozilla.org/mozilla-central/raw-file/tip/supply-chain/audits.toml"

[[audits.mozilla.audits.tempfile]]
who = "Jim Blandy <jimb@red-bean.com>"
criteria = "safe-to-deploy"
delta = "3.16.0 -> 3.27.0"
aggregated-from = "https://hg.mozilla.org/mozilla-central/raw-file/tip/supply-chain/audits.toml"

[[audits.mozilla.audits.termtree]]
who = "Jan-Erik Rediger <jrediger@mozilla.com>"
criteria = "safe-to-run"
delta = "0.4.1 -> 0.5.1"
aggregated-from = "https://raw.githubusercontent.com/mozilla/glean/main/supply-chain/audits.toml"

[[audits.mozilla.audits.wait-timeout]]
who = "Jan-Erik Rediger <jrediger@mozilla.com>"
criteria = "safe-to-run"
delta = "0.2.0 -> 0.2.1"
aggregated-from = "https://raw.githubusercontent.com/mozilla/glean/main/supply-chain/audits.toml"
